<?xml version="1.0" encoding="UTF-8" standalone="yes" ?>
<CodeBlocks_project_file>
	<FileVersion major="1" minor="6" />
	<Project>
		<Option title="digdim" />
		<Option pch_mode="2" />
		<Option compiler="gcc" />
		<Option virtualFolders="testes/;" />
		<Build>
			<Target title="Debug">
				<Option output="bin/Debug/digdim" prefix_auto="1" extension_auto="1" />
				<Option object_output="obj/Debug/" />
				<Option type="1" />
				<Option compiler="gcc" />
				<Option parameters="programafinal.cmm" />
				<Compiler>
					<Add option="-g" />
				</Compiler>
			</Target>
			<Target title="Release">
				<Option output="bin/Release/digdim" prefix_auto="1" extension_auto="1" />
				<Option object_output="obj/Release/" />
				<Option type="1" />
				<Option compiler="gcc" />
				<Compiler>
					<Add option="-O2" />
				</Compiler>
				<Linker>
					<Add option="-s" />
				</Linker>
			</Target>
		</Build>
		<Compiler>
			<Add option="-Wall" />
			<Add option="-fexceptions" />
		</Compiler>
		<Unit filename="RIVisitor.cpp" />
		<Unit filename="RIVisitor.h" />
		<Unit filename="asa.cpp" />
		<Unit filename="asa.h" />
		<Unit filename="buffer.cpp" />
		<Unit filename="buffer.h" />
		<Unit filename="canonizador.cpp" />
		<Unit filename="canonizador.h" />
		<Unit filename="classesasa.h" />
		<Unit filename="erro.cpp" />
		<Unit filename="erro.h" />
		<Unit filename="instrucaoMIPS.cpp" />
		<Unit filename="instrucaoMIPS.h" />
		<Unit filename="instrucaoVisitor.cpp" />
		<Unit filename="instrucaoVisitor.h" />
		<Unit filename="lexico.cpp" />
		<Unit filename="lexico.h" />
		<Unit filename="main.cpp" />
		<Unit filename="parser.cpp" />
		<Unit filename="parser.h" />
		<Unit filename="programafinal.cmm">
			<Option virtualFolder="testes/" />
		</Unit>
		<Unit filename="representacaoIntermediaria.cpp" />
		<Unit filename="representacaoIntermediaria.h" />
		<Unit filename="simbolos.cpp" />
		<Unit filename="simbolos.h" />
		<Unit filename="tabelaSemantico.cpp" />
		<Unit filename="tabelaSemantico.h" />
		<Unit filename="teste.cmm">
			<Option virtualFolder="testes/" />
		</Unit>
		<Unit filename="testeSemantico.cmm">
			<Option virtualFolder="testes/" />
		</Unit>
		<Unit filename="visitor.cpp" />
		<Unit filename="visitor.h" />
		<Unit filename="visitorContadorReg.cpp" />
		<Unit filename="visitorContadorReg.h" />
		<Unit filename="visitorMIPS.cpp" />
		<Unit filename="visitorMIPS.h" />
		<Unit filename="visitorRepIntermediaria.cpp" />
		<Unit filename="visitorRepIntermediaria.h" />
		<Unit filename="visitorSemantico.cpp" />
		<Unit filename="visitorSemantico.h" />
		<Extensions>
			<code_completion />
			<envvars />
			<lib_finder disable_auto="1" />
			<debugger />
		</Extensions>
	</Project>
</CodeBlocks_project_file>
